// !$*UTF8*$!
{
	archiveVersion = 1;
	classes = {
	};
	objectVersion = 55;
	objects = {

/* Begin PBXBuildFile section */
		2274776B2857A0DB00BBC998 /* DailyMoodApp.swift in Sources */ = {isa = PBXBuildFile; fileRef = 2274776A2857A0DB00BBC998 /* DailyMoodApp.swift */; };
		2274776D2857A0DB00BBC998 /* ContentView.swift in Sources */ = {isa = PBXBuildFile; fileRef = 2274776C2857A0DB00BBC998 /* ContentView.swift */; };
		2274776F2857A0E600BBC998 /* Assets.xcassets in Resources */ = {isa = PBXBuildFile; fileRef = 2274776E2857A0E600BBC998 /* Assets.xcassets */; };
		227477722857A0E600BBC998 /* Preview Assets.xcassets in Resources */ = {isa = PBXBuildFile; fileRef = 227477712857A0E600BBC998 /* Preview Assets.xcassets */; };
		2274777B28585BAD00BBC998 /* MainTab.swift in Sources */ = {isa = PBXBuildFile; fileRef = 2274777A28585BAD00BBC998 /* MainTab.swift */; };
		2274778028585C1F00BBC998 /* HomeView.swift in Sources */ = {isa = PBXBuildFile; fileRef = 2274777F28585C1F00BBC998 /* HomeView.swift */; };
		2274778228585C2700BBC998 /* DaysView.swift in Sources */ = {isa = PBXBuildFile; fileRef = 2274778128585C2700BBC998 /* DaysView.swift */; };
		2274778428585D1100BBC998 /* Extentions.swift in Sources */ = {isa = PBXBuildFile; fileRef = 2274778328585D1100BBC998 /* Extentions.swift */; };
		2274778828585F9F00BBC998 /* DayRowView.swift in Sources */ = {isa = PBXBuildFile; fileRef = 2274778728585F9F00BBC998 /* DayRowView.swift */; };
		2274778B2858610300BBC998 /* DayMood.swift in Sources */ = {isa = PBXBuildFile; fileRef = 2274778A2858610300BBC998 /* DayMood.swift */; };
		2274778E285865E200BBC998 /* AddDayView.swift in Sources */ = {isa = PBXBuildFile; fileRef = 2274778D285865E200BBC998 /* AddDayView.swift */; };
		22747791285867A800BBC998 /* DayDetailsView.swift in Sources */ = {isa = PBXBuildFile; fileRef = 22747790285867A800BBC998 /* DayDetailsView.swift */; };
		22747794285A2A4700BBC998 /* Realm in Frameworks */ = {isa = PBXBuildFile; productRef = 22747793285A2A4700BBC998 /* Realm */; };
		22747796285A2A4700BBC998 /* RealmSwift in Frameworks */ = {isa = PBXBuildFile; productRef = 22747795285A2A4700BBC998 /* RealmSwift */; };
		22747799285A2A6800BBC998 /* RealmService.swift in Sources */ = {isa = PBXBuildFile; fileRef = 22747798285A2A6800BBC998 /* RealmService.swift */; };
		227477A02860AACF00BBC998 /* SafariView.swift in Sources */ = {isa = PBXBuildFile; fileRef = 2274779F2860AACF00BBC998 /* SafariView.swift */; };
		227477A22860AD3500BBC998 /* Constants.swift in Sources */ = {isa = PBXBuildFile; fileRef = 227477A12860AD3500BBC998 /* Constants.swift */; };
		227477A72860ADAC00BBC998 /* HomeViewModel.swift in Sources */ = {isa = PBXBuildFile; fileRef = 227477A62860ADAC00BBC998 /* HomeViewModel.swift */; };
		227477AF28636ACA00BBC998 /* WidgetKit.framework in Frameworks */ = {isa = PBXBuildFile; fileRef = 227477AE28636AC900BBC998 /* WidgetKit.framework */; };
		227477B128636ACA00BBC998 /* SwiftUI.framework in Frameworks */ = {isa = PBXBuildFile; fileRef = 227477B028636ACA00BBC998 /* SwiftUI.framework */; };
		227477B428636ACA00BBC998 /* DailyMoodWidgets.swift in Sources */ = {isa = PBXBuildFile; fileRef = 227477B328636ACA00BBC998 /* DailyMoodWidgets.swift */; };
		227477B628636AD500BBC998 /* Assets.xcassets in Resources */ = {isa = PBXBuildFile; fileRef = 227477B528636AD500BBC998 /* Assets.xcassets */; };
		227477BA28636AD500BBC998 /* DailyMoodWidgetsExtension.appex in Embed App Extensions */ = {isa = PBXBuildFile; fileRef = 227477AC28636AC800BBC998 /* DailyMoodWidgetsExtension.appex */; settings = {ATTRIBUTES = (RemoveHeadersOnCopy, ); }; };
/* End PBXBuildFile section */

/* Begin PBXContainerItemProxy section */
		227477B828636AD500BBC998 /* PBXContainerItemProxy */ = {
			isa = PBXContainerItemProxy;
			containerPortal = 2274775F2857A0DB00BBC998 /* Project object */;
			proxyType = 1;
			remoteGlobalIDString = 227477AB28636AC800BBC998;
			remoteInfo = DailyMoodWidgetsExtension;
		};
/* End PBXContainerItemProxy section */

/* Begin PBXCopyFilesBuildPhase section */
		227477BE28636AD500BBC998 /* Embed App Extensions */ = {
			isa = PBXCopyFilesBuildPhase;
			buildActionMask = 2147483647;
			dstPath = "";
			dstSubfolderSpec = 13;
			files = (
				227477BA28636AD500BBC998 /* DailyMoodWidgetsExtension.appex in Embed App Extensions */,
			);
			name = "Embed App Extensions";
			runOnlyForDeploymentPostprocessing = 0;
		};
/* End PBXCopyFilesBuildPhase section */

/* Begin PBXFileReference section */
		227477672857A0DB00BBC998 /* DailyMood.app */ = {isa = PBXFileReference; explicitFileType = wrapper.application; includeInIndex = 0; path = DailyMood.app; sourceTree = BUILT_PRODUCTS_DIR; };
		2274776A2857A0DB00BBC998 /* DailyMoodApp.swift */ = {isa = PBXFileReference; lastKnownFileType = sourcecode.swift; path = DailyMoodApp.swift; sourceTree = "<group>"; };
		2274776C2857A0DB00BBC998 /* ContentView.swift */ = {isa = PBXFileReference; lastKnownFileType = sourcecode.swift; path = ContentView.swift; sourceTree = "<group>"; };
		2274776E2857A0E600BBC998 /* Assets.xcassets */ = {isa = PBXFileReference; lastKnownFileType = folder.assetcatalog; path = Assets.xcassets; sourceTree = "<group>"; };
		227477712857A0E600BBC998 /* Preview Assets.xcassets */ = {isa = PBXFileReference; lastKnownFileType = folder.assetcatalog; path = "Preview Assets.xcassets"; sourceTree = "<group>"; };
		2274777A28585BAD00BBC998 /* MainTab.swift */ = {isa = PBXFileReference; lastKnownFileType = sourcecode.swift; path = MainTab.swift; sourceTree = "<group>"; };
		2274777F28585C1F00BBC998 /* HomeView.swift */ = {isa = PBXFileReference; lastKnownFileType = sourcecode.swift; path = HomeView.swift; sourceTree = "<group>"; };
		2274778128585C2700BBC998 /* DaysView.swift */ = {isa = PBXFileReference; lastKnownFileType = sourcecode.swift; path = DaysView.swift; sourceTree = "<group>"; };
		2274778328585D1100BBC998 /* Extentions.swift */ = {isa = PBXFileReference; lastKnownFileType = sourcecode.swift; path = Extentions.swift; sourceTree = "<group>"; };
		2274778728585F9F00BBC998 /* DayRowView.swift */ = {isa = PBXFileReference; lastKnownFileType = sourcecode.swift; path = DayRowView.swift; sourceTree = "<group>"; };
		2274778A2858610300BBC998 /* DayMood.swift */ = {isa = PBXFileReference; lastKnownFileType = sourcecode.swift; path = DayMood.swift; sourceTree = "<group>"; };
		2274778D285865E200BBC998 /* AddDayView.swift */ = {isa = PBXFileReference; lastKnownFileType = sourcecode.swift; path = AddDayView.swift; sourceTree = "<group>"; };
		22747790285867A800BBC998 /* DayDetailsView.swift */ = {isa = PBXFileReference; lastKnownFileType = sourcecode.swift; path = DayDetailsView.swift; sourceTree = "<group>"; };
		22747798285A2A6800BBC998 /* RealmService.swift */ = {isa = PBXFileReference; lastKnownFileType = sourcecode.swift; path = RealmService.swift; sourceTree = "<group>"; };
		2274779F2860AACF00BBC998 /* SafariView.swift */ = {isa = PBXFileReference; lastKnownFileType = sourcecode.swift; path = SafariView.swift; sourceTree = "<group>"; };
		227477A12860AD3500BBC998 /* Constants.swift */ = {isa = PBXFileReference; lastKnownFileType = sourcecode.swift; path = Constants.swift; sourceTree = "<group>"; };
		227477A62860ADAC00BBC998 /* HomeViewModel.swift */ = {isa = PBXFileReference; lastKnownFileType = sourcecode.swift; path = HomeViewModel.swift; sourceTree = "<group>"; };
		227477AC28636AC800BBC998 /* DailyMoodWidgetsExtension.appex */ = {isa = PBXFileReference; explicitFileType = "wrapper.app-extension"; includeInIndex = 0; path = DailyMoodWidgetsExtension.appex; sourceTree = BUILT_PRODUCTS_DIR; };
		227477AE28636AC900BBC998 /* WidgetKit.framework */ = {isa = PBXFileReference; lastKnownFileType = wrapper.framework; name = WidgetKit.framework; path = System/Library/Frameworks/WidgetKit.framework; sourceTree = SDKROOT; };
		227477B028636ACA00BBC998 /* SwiftUI.framework */ = {isa = PBXFileReference; lastKnownFileType = wrapper.framework; name = SwiftUI.framework; path = System/Library/Frameworks/SwiftUI.framework; sourceTree = SDKROOT; };
		227477B328636ACA00BBC998 /* DailyMoodWidgets.swift */ = {isa = PBXFileReference; lastKnownFileType = sourcecode.swift; path = DailyMoodWidgets.swift; sourceTree = "<group>"; };
		227477B528636AD500BBC998 /* Assets.xcassets */ = {isa = PBXFileReference; lastKnownFileType = folder.assetcatalog; path = Assets.xcassets; sourceTree = "<group>"; };
		227477B728636AD500BBC998 /* Info.plist */ = {isa = PBXFileReference; lastKnownFileType = text.plist.xml; path = Info.plist; sourceTree = "<group>"; };
/* End PBXFileReference section */

/* Begin PBXFrameworksBuildPhase section */
		227477642857A0DB00BBC998 /* Frameworks */ = {
			isa = PBXFrameworksBuildPhase;
			buildActionMask = 2147483647;
			files = (
				22747796285A2A4700BBC998 /* RealmSwift in Frameworks */,
				22747794285A2A4700BBC998 /* Realm in Frameworks */,
			);
			runOnlyForDeploymentPostprocessing = 0;
		};
		227477A928636AC800BBC998 /* Frameworks */ = {
			isa = PBXFrameworksBuildPhase;
			buildActionMask = 2147483647;
			files = (
				227477B128636ACA00BBC998 /* SwiftUI.framework in Frameworks */,
				227477AF28636ACA00BBC998 /* WidgetKit.framework in Frameworks */,
			);
			runOnlyForDeploymentPostprocessing = 0;
		};
/* End PBXFrameworksBuildPhase section */

/* Begin PBXGroup section */
		2274775E2857A0DB00BBC998 = {
			isa = PBXGroup;
			children = (
				227477692857A0DB00BBC998 /* DailyMood */,
				227477B228636ACA00BBC998 /* DailyMoodWidgets */,
				227477AD28636AC900BBC998 /* Frameworks */,
				227477682857A0DB00BBC998 /* Products */,
			);
			sourceTree = "<group>";
		};
		227477682857A0DB00BBC998 /* Products */ = {
			isa = PBXGroup;
			children = (
				227477672857A0DB00BBC998 /* DailyMood.app */,
				227477AC28636AC800BBC998 /* DailyMoodWidgetsExtension.appex */,
			);
			name = Products;
			sourceTree = "<group>";
		};
		227477692857A0DB00BBC998 /* DailyMood */ = {
			isa = PBXGroup;
			children = (
				2274777828585B7A00BBC998 /* Core */,
				2274776A2857A0DB00BBC998 /* DailyMoodApp.swift */,
				2274776C2857A0DB00BBC998 /* ContentView.swift */,
				2274776E2857A0E600BBC998 /* Assets.xcassets */,
				227477702857A0E600BBC998 /* Preview Content */,
			);
			path = DailyMood;
			sourceTree = "<group>";
		};
		227477702857A0E600BBC998 /* Preview Content */ = {
			isa = PBXGroup;
			children = (
				227477712857A0E600BBC998 /* Preview Assets.xcassets */,
			);
			path = "Preview Content";
			sourceTree = "<group>";
		};
		2274777828585B7A00BBC998 /* Core */ = {
			isa = PBXGroup;
			children = (
				22747797285A2A5A00BBC998 /* Service */,
				2274778C285865CE00BBC998 /* AddDay */,
				22747789285860EE00BBC998 /* Model */,
				2274778528585F8100BBC998 /* Components */,
				2274777D28585C0800BBC998 /* Days */,
				2274777C28585C0100BBC998 /* Home */,
				2274778F2858679E00BBC998 /* DayDetails */,
				2274777928585B8000BBC998 /* MainTab */,
				2274778328585D1100BBC998 /* Extentions.swift */,
				227477A12860AD3500BBC998 /* Constants.swift */,
			);
			path = Core;
			sourceTree = "<group>";
		};
		2274777928585B8000BBC998 /* MainTab */ = {
			isa = PBXGroup;
			children = (
				2274777A28585BAD00BBC998 /* MainTab.swift */,
			);
			path = MainTab;
			sourceTree = "<group>";
		};
		2274777C28585C0100BBC998 /* Home */ = {
			isa = PBXGroup;
			children = (
				227477A32860AD8B00BBC998 /* ViewModel */,
				227477A42860AD9200BBC998 /* View */,
			);
			path = Home;
			sourceTree = "<group>";
		};
		2274777D28585C0800BBC998 /* Days */ = {
			isa = PBXGroup;
			children = (
				2274778128585C2700BBC998 /* DaysView.swift */,
			);
			path = Days;
			sourceTree = "<group>";
		};
		2274778528585F8100BBC998 /* Components */ = {
			isa = PBXGroup;
			children = (
				2274779E2860AABB00BBC998 /* SafariView */,
				2274778628585F8A00BBC998 /* DayRow */,
			);
			path = Components;
			sourceTree = "<group>";
		};
		2274778628585F8A00BBC998 /* DayRow */ = {
			isa = PBXGroup;
			children = (
				2274778728585F9F00BBC998 /* DayRowView.swift */,
			);
			path = DayRow;
			sourceTree = "<group>";
		};
		22747789285860EE00BBC998 /* Model */ = {
			isa = PBXGroup;
			children = (
				2274778A2858610300BBC998 /* DayMood.swift */,
			);
			path = Model;
			sourceTree = "<group>";
		};
		2274778C285865CE00BBC998 /* AddDay */ = {
			isa = PBXGroup;
			children = (
				2274778D285865E200BBC998 /* AddDayView.swift */,
			);
			path = AddDay;
			sourceTree = "<group>";
		};
		2274778F2858679E00BBC998 /* DayDetails */ = {
			isa = PBXGroup;
			children = (
				22747790285867A800BBC998 /* DayDetailsView.swift */,
			);
			path = DayDetails;
			sourceTree = "<group>";
		};
		22747797285A2A5A00BBC998 /* Service */ = {
			isa = PBXGroup;
			children = (
				22747798285A2A6800BBC998 /* RealmService.swift */,
			);
			path = Service;
			sourceTree = "<group>";
		};
		2274779E2860AABB00BBC998 /* SafariView */ = {
			isa = PBXGroup;
			children = (
				2274779F2860AACF00BBC998 /* SafariView.swift */,
			);
			path = SafariView;
			sourceTree = "<group>";
		};
		227477A32860AD8B00BBC998 /* ViewModel */ = {
			isa = PBXGroup;
			children = (
				227477A62860ADAC00BBC998 /* HomeViewModel.swift */,
			);
			path = ViewModel;
			sourceTree = "<group>";
		};
		227477A42860AD9200BBC998 /* View */ = {
			isa = PBXGroup;
			children = (
				2274777F28585C1F00BBC998 /* HomeView.swift */,
			);
			path = View;
			sourceTree = "<group>";
		};
		227477AD28636AC900BBC998 /* Frameworks */ = {
			isa = PBXGroup;
			children = (
				227477AE28636AC900BBC998 /* WidgetKit.framework */,
				227477B028636ACA00BBC998 /* SwiftUI.framework */,
			);
			name = Frameworks;
			sourceTree = "<group>";
		};
		227477B228636ACA00BBC998 /* DailyMoodWidgets */ = {
			isa = PBXGroup;
			children = (
				227477B328636ACA00BBC998 /* DailyMoodWidgets.swift */,
				227477B528636AD500BBC998 /* Assets.xcassets */,
				227477B728636AD500BBC998 /* Info.plist */,
			);
			path = DailyMoodWidgets;
			sourceTree = "<group>";
		};
/* End PBXGroup section */

/* Begin PBXNativeTarget section */
		227477662857A0DB00BBC998 /* DailyMood */ = {
			isa = PBXNativeTarget;
			buildConfigurationList = 227477752857A0E600BBC998 /* Build configuration list for PBXNativeTarget "DailyMood" */;
			buildPhases = (
				227477632857A0DB00BBC998 /* Sources */,
				227477642857A0DB00BBC998 /* Frameworks */,
				227477652857A0DB00BBC998 /* Resources */,
				227477BE28636AD500BBC998 /* Embed App Extensions */,
			);
			buildRules = (
			);
			dependencies = (
				227477B928636AD500BBC998 /* PBXTargetDependency */,
			);
			name = DailyMood;
			packageProductDependencies = (
				22747793285A2A4700BBC998 /* Realm */,
				22747795285A2A4700BBC998 /* RealmSwift */,
			);
			productName = DailyMood;
			productReference = 227477672857A0DB00BBC998 /* DailyMood.app */;
			productType = "com.apple.product-type.application";
		};
		227477AB28636AC800BBC998 /* DailyMoodWidgetsExtension */ = {
			isa = PBXNativeTarget;
			buildConfigurationList = 227477BB28636AD500BBC998 /* Build configuration list for PBXNativeTarget "DailyMoodWidgetsExtension" */;
			buildPhases = (
				227477A828636AC800BBC998 /* Sources */,
				227477A928636AC800BBC998 /* Frameworks */,
				227477AA28636AC800BBC998 /* Resources */,
			);
			buildRules = (
			);
			dependencies = (
			);
			name = DailyMoodWidgetsExtension;
			productName = DailyMoodWidgetsExtension;
			productReference = 227477AC28636AC800BBC998 /* DailyMoodWidgetsExtension.appex */;
			productType = "com.apple.product-type.app-extension";
		};
/* End PBXNativeTarget section */

/* Begin PBXProject section */
		2274775F2857A0DB00BBC998 /* Project object */ = {
			isa = PBXProject;
			attributes = {
				BuildIndependentTargetsInParallel = 1;
				LastSwiftUpdateCheck = 1340;
				LastUpgradeCheck = 1340;
				TargetAttributes = {
					227477662857A0DB00BBC998 = {
						CreatedOnToolsVersion = 13.4;
					};
					227477AB28636AC800BBC998 = {
						CreatedOnToolsVersion = 13.4;
					};
				};
			};
			buildConfigurationList = 227477622857A0DB00BBC998 /* Build configuration list for PBXProject "DailyMood" */;
			compatibilityVersion = "Xcode 13.0";
			developmentRegion = en;
			hasScannedForEncodings = 0;
			knownRegions = (
				en,
				Base,
			);
			mainGroup = 2274775E2857A0DB00BBC998;
			packageReferences = (
				22747792285A2A4600BBC998 /* XCRemoteSwiftPackageReference "realm-swift" */,
			);
			productRefGroup = 227477682857A0DB00BBC998 /* Products */;
			projectDirPath = "";
			projectRoot = "";
			targets = (
				227477662857A0DB00BBC998 /* DailyMood */,
				227477AB28636AC800BBC998 /* DailyMoodWidgetsExtension */,
			);
		};
/* End PBXProject section */

/* Begin PBXResourcesBuildPhase section */
		227477652857A0DB00BBC998 /* Resources */ = {
			isa = PBXResourcesBuildPhase;
			buildActionMask = 2147483647;
			files = (
				227477722857A0E600BBC998 /* Preview Assets.xcassets in Resources */,
				2274776F2857A0E600BBC998 /* Assets.xcassets in Resources */,
			);
			runOnlyForDeploymentPostprocessing = 0;
		};
		227477AA28636AC800BBC998 /* Resources */ = {
			isa = PBXResourcesBuildPhase;
			buildActionMask = 2147483647;
			files = (
				227477B628636AD500BBC998 /* Assets.xcassets in Resources */,
			);
			runOnlyForDeploymentPostprocessing = 0;
		};
/* End PBXResourcesBuildPhase section */

/* Begin PBXSourcesBuildPhase section */
		227477632857A0DB00BBC998 /* Sources */ = {
			isa = PBXSourcesBuildPhase;
			buildActionMask = 2147483647;
			files = (
				227477A22860AD3500BBC998 /* Constants.swift in Sources */,
				2274778228585C2700BBC998 /* DaysView.swift in Sources */,
				22747799285A2A6800BBC998 /* RealmService.swift in Sources */,
				2274776D2857A0DB00BBC998 /* ContentView.swift in Sources */,
				22747791285867A800BBC998 /* DayDetailsView.swift in Sources */,
				227477A02860AACF00BBC998 /* SafariView.swift in Sources */,
				2274778428585D1100BBC998 /* Extentions.swift in Sources */,
				2274778028585C1F00BBC998 /* HomeView.swift in Sources */,
				2274777B28585BAD00BBC998 /* MainTab.swift in Sources */,
				227477A72860ADAC00BBC998 /* HomeViewModel.swift in Sources */,
				2274778B2858610300BBC998 /* DayMood.swift in Sources */,
				2274776B2857A0DB00BBC998 /* DailyMoodApp.swift in Sources */,
				2274778E285865E200BBC998 /* AddDayView.swift in Sources */,
				2274778828585F9F00BBC998 /* DayRowView.swift in Sources */,
			);
			runOnlyForDeploymentPostprocessing = 0;
		};
		227477A828636AC800BBC998 /* Sources */ = {
			isa = PBXSourcesBuildPhase;
			buildActionMask = 2147483647;
			files = (
				227477B428636ACA00BBC998 /* DailyMoodWidgets.swift in Sources */,
			);
			runOnlyForDeploymentPostprocessing = 0;
		};
/* End PBXSourcesBuildPhase section */

/* Begin PBXTargetDependency section */
		227477B928636AD500BBC998 /* PBXTargetDependency */ = {
			isa = PBXTargetDependency;
			target = 227477AB28636AC800BBC998 /* DailyMoodWidgetsExtension */;
			targetProxy = 227477B828636AD500BBC998 /* PBXContainerItemProxy */;
		};
/* End PBXTargetDependency section */

/* Begin XCBuildConfiguration section */
		227477732857A0E600BBC998 /* Debug */ = {
			isa = XCBuildConfiguration;
			buildSettings = {
				ALWAYS_SEARCH_USER_PATHS = NO;
				CLANG_ANALYZER_NONNULL = YES;
				CLANG_ANALYZER_NUMBER_OBJECT_CONVERSION = YES_AGGRESSIVE;
				CLANG_CXX_LANGUAGE_STANDARD = "gnu++17";
				CLANG_ENABLE_MODULES = YES;
				CLANG_ENABLE_OBJC_ARC = YES;
				CLANG_ENABLE_OBJC_WEAK = YES;
				CLANG_WARN_BLOCK_CAPTURE_AUTORELEASING = YES;
				CLANG_WARN_BOOL_CONVERSION = YES;
				CLANG_WARN_COMMA = YES;
				CLANG_WARN_CONSTANT_CONVERSION = YES;
				CLANG_WARN_DEPRECATED_OBJC_IMPLEMENTATIONS = YES;
				CLANG_WARN_DIRECT_OBJC_ISA_USAGE = YES_ERROR;
				CLANG_WARN_DOCUMENTATION_COMMENTS = YES;
				CLANG_WARN_EMPTY_BODY = YES;
				CLANG_WARN_ENUM_CONVERSION = YES;
				CLANG_WARN_INFINITE_RECURSION = YES;
				CLANG_WARN_INT_CONVERSION = YES;
				CLANG_WARN_NON_LITERAL_NULL_CONVERSION = YES;
				CLANG_WARN_OBJC_IMPLICIT_RETAIN_SELF = YES;
				CLANG_WARN_OBJC_LITERAL_CONVERSION = YES;
				CLANG_WARN_OBJC_ROOT_CLASS = YES_ERROR;
				CLANG_WARN_QUOTED_INCLUDE_IN_FRAMEWORK_HEADER = YES;
				CLANG_WARN_RANGE_LOOP_ANALYSIS = YES;
				CLANG_WARN_STRICT_PROTOTYPES = YES;
				CLANG_WARN_SUSPICIOUS_MOVE = YES;
				CLANG_WARN_UNGUARDED_AVAILABILITY = YES_AGGRESSIVE;
				CLANG_WARN_UNREACHABLE_CODE = YES;
				CLANG_WARN__DUPLICATE_METHOD_MATCH = YES;
				COPY_PHASE_STRIP = NO;
				DEBUG_INFORMATION_FORMAT = dwarf;
				ENABLE_STRICT_OBJC_MSGSEND = YES;
				ENABLE_TESTABILITY = YES;
				GCC_C_LANGUAGE_STANDARD = gnu11;
				GCC_DYNAMIC_NO_PIC = NO;
				GCC_NO_COMMON_BLOCKS = YES;
				GCC_OPTIMIZATION_LEVEL = 0;
				GCC_PREPROCESSOR_DEFINITIONS = (
					"DEBUG=1",
					"$(inherited)",
				);
				GCC_WARN_64_TO_32_BIT_CONVERSION = YES;
				GCC_WARN_ABOUT_RETURN_TYPE = YES_ERROR;
				GCC_WARN_UNDECLARED_SELECTOR = YES;
				GCC_WARN_UNINITIALIZED_AUTOS = YES_AGGRESSIVE;
				GCC_WARN_UNUSED_FUNCTION = YES;
				GCC_WARN_UNUSED_VARIABLE = YES;
				IPHONEOS_DEPLOYMENT_TARGET = 15.5;
				MTL_ENABLE_DEBUG_INFO = INCLUDE_SOURCE;
				MTL_FAST_MATH = YES;
				ONLY_ACTIVE_ARCH = YES;
				SDKROOT = iphoneos;
				SWIFT_ACTIVE_COMPILATION_CONDITIONS = DEBUG;
				SWIFT_OPTIMIZATION_LEVEL = "-Onone";
			};
			name = Debug;
		};
		227477742857A0E600BBC998 /* Release */ = {
			isa = XCBuildConfiguration;
			buildSettings = {
				ALWAYS_SEARCH_USER_PATHS = NO;
				CLANG_ANALYZER_NONNULL = YES;
				CLANG_ANALYZER_NUMBER_OBJECT_CONVERSION = YES_AGGRESSIVE;
				CLANG_CXX_LANGUAGE_STANDARD = "gnu++17";
				CLANG_ENABLE_MODULES = YES;
				CLANG_ENABLE_OBJC_ARC = YES;
				CLANG_ENABLE_OBJC_WEAK = YES;
				CLANG_WARN_BLOCK_CAPTURE_AUTORELEASING = YES;
				CLANG_WARN_BOOL_CONVERSION = YES;
				CLANG_WARN_COMMA = YES;
				CLANG_WARN_CONSTANT_CONVERSION = YES;
				CLANG_WARN_DEPRECATED_OBJC_IMPLEMENTATIONS = YES;
				CLANG_WARN_DIRECT_OBJC_ISA_USAGE = YES_ERROR;
				CLANG_WARN_DOCUMENTATION_COMMENTS = YES;
				CLANG_WARN_EMPTY_BODY = YES;
				CLANG_WARN_ENUM_CONVERSION = YES;
				CLANG_WARN_INFINITE_RECURSION = YES;
				CLANG_WARN_INT_CONVERSION = YES;
				CLANG_WARN_NON_LITERAL_NULL_CONVERSION = YES;
				CLANG_WARN_OBJC_IMPLICIT_RETAIN_SELF = YES;
				CLANG_WARN_OBJC_LITERAL_CONVERSION = YES;
				CLANG_WARN_OBJC_ROOT_CLASS = YES_ERROR;
				CLANG_WARN_QUOTED_INCLUDE_IN_FRAMEWORK_HEADER = YES;
				CLANG_WARN_RANGE_LOOP_ANALYSIS = YES;
				CLANG_WARN_STRICT_PROTOTYPES = YES;
				CLANG_WARN_SUSPICIOUS_MOVE = YES;
				CLANG_WARN_UNGUARDED_AVAILABILITY = YES_AGGRESSIVE;
				CLANG_WARN_UNREACHABLE_CODE = YES;
				CLANG_WARN__DUPLICATE_METHOD_MATCH = YES;
				COPY_PHASE_STRIP = NO;
				DEBUG_INFORMATION_FORMAT = "dwarf-with-dsym";
				ENABLE_NS_ASSERTIONS = NO;
				ENABLE_STRICT_OBJC_MSGSEND = YES;
				GCC_C_LANGUAGE_STANDARD = gnu11;
				GCC_NO_COMMON_BLOCKS = YES;
				GCC_WARN_64_TO_32_BIT_CONVERSION = YES;
				GCC_WARN_ABOUT_RETURN_TYPE = YES_ERROR;
				GCC_WARN_UNDECLARED_SELECTOR = YES;
				GCC_WARN_UNINITIALIZED_AUTOS = YES_AGGRESSIVE;
				GCC_WARN_UNUSED_FUNCTION = YES;
				GCC_WARN_UNUSED_VARIABLE = YES;
				IPHONEOS_DEPLOYMENT_TARGET = 15.5;
				MTL_ENABLE_DEBUG_INFO = NO;
				MTL_FAST_MATH = YES;
				SDKROOT = iphoneos;
				SWIFT_COMPILATION_MODE = wholemodule;
				SWIFT_OPTIMIZATION_LEVEL = "-O";
				VALIDATE_PRODUCT = YES;
			};
			name = Release;
		};
		227477762857A0E600BBC998 /* Debug */ = {
			isa = XCBuildConfiguration;
			buildSettings = {
				ALWAYS_EMBED_SWIFT_STANDARD_LIBRARIES = YES;
				ASSETCATALOG_COMPILER_APPICON_NAME = AppIcon;
				ASSETCATALOG_COMPILER_GLOBAL_ACCENT_COLOR_NAME = AccentColor;
				CODE_SIGN_STYLE = Automatic;
				CURRENT_PROJECT_VERSION = 1;
				DEVELOPMENT_ASSET_PATHS = "\"DailyMood/Preview Content\"";
				DEVELOPMENT_TEAM = 3P5872A6DS;
				ENABLE_PREVIEWS = YES;
				GENERATE_INFOPLIST_FILE = YES;
				INFOPLIST_KEY_UIApplicationSceneManifest_Generation = YES;
				INFOPLIST_KEY_UIApplicationSupportsIndirectInputEvents = YES;
				INFOPLIST_KEY_UILaunchScreen_Generation = YES;
				INFOPLIST_KEY_UISupportedInterfaceOrientations = UIInterfaceOrientationPortrait;
				INFOPLIST_KEY_UISupportedInterfaceOrientations_iPad = "UIInterfaceOrientationPortrait UIInterfaceOrientationPortraitUpsideDown UIInterfaceOrientationLandscapeLeft UIInterfaceOrientationLandscapeRight";
				INFOPLIST_KEY_UISupportedInterfaceOrientations_iPhone = UIInterfaceOrientationPortrait;
				IPHONEOS_DEPLOYMENT_TARGET = 15.0;
				LD_RUNPATH_SEARCH_PATHS = (
					"$(inherited)",
					"@executable_path/Frameworks",
				);
				MARKETING_VERSION = 1.0;
				PRODUCT_BUNDLE_IDENTIFIER = "com.michal-michalik.DailyMood";
				PRODUCT_NAME = "$(TARGET_NAME)";
				SWIFT_EMIT_LOC_STRINGS = YES;
				SWIFT_VERSION = 5.0;
				TARGETED_DEVICE_FAMILY = 1;
			};
			name = Debug;
		};
		227477772857A0E600BBC998 /* Release */ = {
			isa = XCBuildConfiguration;
			buildSettings = {
				ALWAYS_EMBED_SWIFT_STANDARD_LIBRARIES = YES;
				ASSETCATALOG_COMPILER_APPICON_NAME = AppIcon;
				ASSETCATALOG_COMPILER_GLOBAL_ACCENT_COLOR_NAME = AccentColor;
				CODE_SIGN_STYLE = Automatic;
				CURRENT_PROJECT_VERSION = 1;
				DEVELOPMENT_ASSET_PATHS = "\"DailyMood/Preview Content\"";
				DEVELOPMENT_TEAM = 3P5872A6DS;
				ENABLE_PREVIEWS = YES;
				GENERATE_INFOPLIST_FILE = YES;
				INFOPLIST_KEY_UIApplicationSceneManifest_Generation = YES;
				INFOPLIST_KEY_UIApplicationSupportsIndirectInputEvents = YES;
				INFOPLIST_KEY_UILaunchScreen_Generation = YES;
				INFOPLIST_KEY_UISupportedInterfaceOrientations = UIInterfaceOrientationPortrait;
				INFOPLIST_KEY_UISupportedInterfaceOrientations_iPad = "UIInterfaceOrientationPortrait UIInterfaceOrientationPortraitUpsideDown UIInterfaceOrientationLandscapeLeft UIInterfaceOrientationLandscapeRight";
				INFOPLIST_KEY_UISupportedInterfaceOrientations_iPhone = UIInterfaceOrientationPortrait;
				IPHONEOS_DEPLOYMENT_TARGET = 15.0;
				LD_RUNPATH_SEARCH_PATHS = (
					"$(inherited)",
					"@executable_path/Frameworks",
				);
				MARKETING_VERSION = 1.0;
				PRODUCT_BUNDLE_IDENTIFIER = "com.michal-michalik.DailyMood";
				PRODUCT_NAME = "$(TARGET_NAME)";
				SWIFT_EMIT_LOC_STRINGS = YES;
				SWIFT_VERSION = 5.0;
				TARGETED_DEVICE_FAMILY = 1;
			};
			name = Release;
		};
		227477BC28636AD500BBC998 /* Debug */ = {
			isa = XCBuildConfiguration;
			buildSettings = {
				ASSETCATALOG_COMPILER_GLOBAL_ACCENT_COLOR_NAME = AccentColor;
				ASSETCATALOG_COMPILER_WIDGET_BACKGROUND_COLOR_NAME = WidgetBackground;
				CODE_SIGN_STYLE = Automatic;
				CURRENT_PROJECT_VERSION = 1;
				DEVELOPMENT_TEAM = 3P5872A6DS;
				GENERATE_INFOPLIST_FILE = YES;
				INFOPLIST_FILE = DailyMoodWidgets/Info.plist;
				INFOPLIST_KEY_CFBundleDisplayName = DailyMoodWidgets;
				INFOPLIST_KEY_NSHumanReadableCopyright = "";
				LD_RUNPATH_SEARCH_PATHS = (
					"$(inherited)",
					"@executable_path/Frameworks",
					"@executable_path/../../Frameworks",
				);
				MARKETING_VERSION = 1.0;
				PRODUCT_BUNDLE_IDENTIFIER = "com.michal-michalik.DailyMood.DailyMoodWidgets";
				PRODUCT_NAME = "$(TARGET_NAME)";
				SKIP_INSTALL = YES;
				SWIFT_EMIT_LOC_STRINGS = YES;
				SWIFT_VERSION = 5.0;
				TARGETED_DEVICE_FAMILY = "1,2";
			};
			name = Debug;
		};
		227477BD28636AD500BBC998 /* Release */ = {
			isa = XCBuildConfiguration;
			buildSettings = {
				ASSETCATALOG_COMPILER_GLOBAL_ACCENT_COLOR_NAME = AccentColor;
				ASSETCATALOG_COMPILER_WIDGET_BACKGROUND_COLOR_NAME = WidgetBackground;
				CODE_SIGN_STYLE = Automatic;
				CURRENT_PROJECT_VERSION = 1;
				DEVELOPMENT_TEAM = 3P5872A6DS;
				GENERATE_INFOPLIST_FILE = YES;
				INFOPLIST_FILE = DailyMoodWidgets/Info.plist;
				INFOPLIST_KEY_CFBundleDisplayName = DailyMoodWidgets;
				INFOPLIST_KEY_NSHumanReadableCopyright = "";
				LD_RUNPATH_SEARCH_PATHS = (
					"$(inherited)",
					"@executable_path/Frameworks",
					"@executable_path/../../Frameworks",
				);
				MARKETING_VERSION = 1.0;
				PRODUCT_BUNDLE_IDENTIFIER = "com.michal-michalik.DailyMood.DailyMoodWidgets";
				PRODUCT_NAME = "$(TARGET_NAME)";
				SKIP_INSTALL = YES;
				SWIFT_EMIT_LOC_STRINGS = YES;
				SWIFT_VERSION = 5.0;
				TARGETED_DEVICE_FAMILY = "1,2";
			};
			name = Release;
		};
/* End XCBuildConfiguration section */

/* Begin XCConfigurationList section */
		227477622857A0DB00BBC998 /* Build configuration list for PBXProject "DailyMood" */ = {
			isa = XCConfigurationList;
			buildConfigurations = (
				227477732857A0E600BBC998 /* Debug */,
				227477742857A0E600BBC998 /* Release */,
			);
			defaultConfigurationIsVisible = 0;
			defaultConfigurationName = Release;
		};
		227477752857A0E600BBC998 /* Build configuration list for PBXNativeTarget "DailyMood" */ = {
			isa = XCConfigurationList;
			buildConfigurations = (
				227477762857A0E600BBC998 /* Debug */,
				227477772857A0E600BBC998 /* Release */,
			);
			defaultConfigurationIsVisible = 0;
			defaultConfigurationName = Release;
		};
		227477BB28636AD500BBC998 /* Build configuration list for PBXNativeTarget "DailyMoodWidgetsExtension" */ = {
			isa = XCConfigurationList;
			buildConfigurations = (
				227477BC28636AD500BBC998 /* Debug */,
				227477BD28636AD500BBC998 /* Release */,
			);
			defaultConfigurationIsVisible = 0;
			defaultConfigurationName = Release;
		};
/* End XCConfigurationList section */

/* Begin XCRemoteSwiftPackageReference section */
		22747792285A2A4600BBC998 /* XCRemoteSwiftPackageReference "realm-swift" */ = {
			isa = XCRemoteSwiftPackageReference;
			repositoryURL = "https://github.com/realm/realm-swift.git";
			requirement = {
				branch = master;
				kind = branch;
			};
		};
/* End XCRemoteSwiftPackageReference section */

/* Begin XCSwiftPackageProductDependency section */
		22747793285A2A4700BBC998 /* Realm */ = {
			isa = XCSwiftPackageProductDependency;
			package = 22747792285A2A4600BBC998 /* XCRemoteSwiftPackageReference "realm-swift" */;
			productName = Realm;
		};
		22747795285A2A4700BBC998 /* RealmSwift */ = {
			isa = XCSwiftPackageProductDependency;
			package = 22747792285A2A4600BBC998 /* XCRemoteSwiftPackageReference "realm-swift" */;
			productName = RealmSwift;
		};
/* End XCSwiftPackageProductDependency section */
	};
	rootObject = 2274775F2857A0DB00BBC998 /* Project object */;
}
